
Microsoft Visual Studio Solution File, Format Version 12.00
# Visual Studio Version 16
VisualStudioVersion = 16.0.33328.57
MinimumVisualStudioVersion = 10.0.40219.1
Project("{FAE04EC0-301F-11D3-BF4B-00C04F79EFBC}") = "z1", "z1\z1.csproj", "{75813045-CC88-4619-BA76-18EC74E1F031}"
EndProject
Global
	GlobalSection(SolutionConfigurationPlatforms) = preSolution
		Debug|Any CPU = Debug|Any CPU
		Release|Any CPU = Release|Any CPU
	EndGlobalSection
	GlobalSection(ProjectConfigurationPlatforms) = postSolution
		{75813045-CC88-4619-BA76-18EC74E1F031}.Debug|Any CPU.ActiveCfg = Debug|Any CPU
		{75813045-CC88-4619-BA76-18EC74E1F031}.Debug|Any CPU.Build.0 = Debug|Any CPU
		{75813045-CC88-4619-BA76-18EC74E1F031}.Release|Any CPU.ActiveCfg = Release|Any CPU
		{75813045-CC88-4619-BA76-18EC74E1F031}.Release|Any CPU.Build.0 = Release|Any CPU
	EndGlobalSection
	GlobalSection(SolutionProperties) = preSolution
		HideSolutionNode = FALSE
	EndGlobalSection
	GlobalSection(ExtensibilityGlobals) = postSolution
		SolutionGuid = {8070844C-6EF8-4FEC-B7CF-BF8B9B9ECADA}
	EndGlobalSection
EndGlobal
