
Microsoft Visual Studio Solution File, Format Version 12.00
# Visual Studio Version 16
VisualStudioVersion = 16.0.33328.57
MinimumVisualStudioVersion = 10.0.40219.1
Project("{FAE04EC0-301F-11D3-BF4B-00C04F79EFBC}") = "z2", "z2\z2.csproj", "{C5A2E218-F6CB-4BED-84DD-69B1EF7AACDF}"
EndProject
Global
	GlobalSection(SolutionConfigurationPlatforms) = preSolution
		Debug|Any CPU = Debug|Any CPU
		Release|Any CPU = Release|Any CPU
	EndGlobalSection
	GlobalSection(ProjectConfigurationPlatforms) = postSolution
		{C5A2E218-F6CB-4BED-84DD-69B1EF7AACDF}.Debug|Any CPU.ActiveCfg = Debug|Any CPU
		{C5A2E218-F6CB-4BED-84DD-69B1EF7AACDF}.Debug|Any CPU.Build.0 = Debug|Any CPU
		{C5A2E218-F6CB-4BED-84DD-69B1EF7AACDF}.Release|Any CPU.ActiveCfg = Release|Any CPU
		{C5A2E218-F6CB-4BED-84DD-69B1EF7AACDF}.Release|Any CPU.Build.0 = Release|Any CPU
	EndGlobalSection
	GlobalSection(SolutionProperties) = preSolution
		HideSolutionNode = FALSE
	EndGlobalSection
	GlobalSection(ExtensibilityGlobals) = postSolution
		SolutionGuid = {78EAA7B1-D3F5-4872-BC57-09574BDF3AAC}
	EndGlobalSection
EndGlobal
